# THIS IS AN AUTOGENERATED FILE. DO NOT EDIT THIS FILE DIRECTLY.
# yarn lockfile v1


"ace-builds@https://github.com/ajaxorg/ace-builds.git#v1.2.6":
  version "1.2.6"
  resolved "https://github.com/ajaxorg/ace-builds.git#2268d21c5893320330c9daf10b70b1973ca45eba"

ajv@^4.9.1:
  version "4.11.8"
  resolved "https://registry.yarnpkg.com/ajv/-/ajv-4.11.8.tgz#82ffb02b29e662ae53bdc20af15947706739c536"
  integrity sha1-gv+wKynmYq5TvcIK8VlHcGc5xTY=
  dependencies:
    co "^4.6.0"
    json-stable-stringify "^1.0.1"

amdefine@>=0.0.4:
  version "1.0.1"
  resolved "https://registry.yarnpkg.com/amdefine/-/amdefine-1.0.1.tgz#4a5282ac164729e93619bcfd3ad151f817ce91f5"
  integrity sha1-SlKCrBZHKek2Gbz9OtFR+BfOkfU=

asap@~2.0.3:
  version "2.0.6"
  resolved "https://registry.yarnpkg.com/asap/-/asap-2.0.6.tgz#e50347611d7e690943208bbdafebcbc2fb866d46"
  integrity sha1-5QNHYR1+aQlDIIu9r+vLwvuGbUY=

asn1@~0.2.3:
  version "0.2.4"
  resolved "https://registry.yarnpkg.com/asn1/-/asn1-0.2.4.tgz#8d2475dfab553bb33e77b54e59e880bb8ce23136"
  integrity sha512-jxwzQpLQjSmWXgwaCZE9Nz+glAG01yF1QnWgbhGwHI5A6FRIEY6IVqtHhIepHqI7/kyEyQEagBC5mBEFlIYvdg==
  dependencies:
    safer-buffer "~2.1.0"

assert-plus@1.0.0, assert-plus@^1.0.0:
  version "1.0.0"
  resolved "https://registry.yarnpkg.com/assert-plus/-/assert-plus-1.0.0.tgz#f12e0f3c5d77b0b1cdd9146942e4e96c1e4dd525"
  integrity sha1-8S4PPF13sLHN2RRpQuTpbB5N1SU=

assert-plus@^0.2.0:
  version "0.2.0"
  resolved "https://registry.yarnpkg.com/assert-plus/-/assert-plus-0.2.0.tgz#d74e1b87e7affc0db8aadb7021f3fe48101ab234"
  integrity sha1-104bh+ev/A24qttwIfP+SBAasjQ=

ast-types@~0.4.7:
  version "0.4.13"
  resolved "https://registry.yarnpkg.com/ast-types/-/ast-types-0.4.13.tgz#445bd0b0f235028f5dc5b532fca27dc7b19ed754"
  integrity sha1-RFvQsPI1Ao9dxbUy/KJ9x7Ge11Q=
  dependencies:
    depd "~1.0.0"

asynckit@^0.4.0:
  version "0.4.0"
  resolved "https://registry.yarnpkg.com/asynckit/-/asynckit-0.4.0.tgz#c79ed97f7f34cb8f2ba1bc9790bcc366474b4b79"
  integrity sha1-x57Zf380y48robyXkLzDZkdLS3k=

aws-sign2@~0.6.0:
  version "0.6.0"
  resolved "https://registry.yarnpkg.com/aws-sign2/-/aws-sign2-0.6.0.tgz#14342dd38dbcc94d0e5b87d763cd63612c0e794f"
  integrity sha1-FDQt0428yU0OW4fXY81jYSwOeU8=

aws4@^1.2.1:
  version "1.8.0"
  resolved "https://registry.yarnpkg.com/aws4/-/aws4-1.8.0.tgz#f0e003d9ca9e7f59c7a508945d7b2ef9a04a542f"
  integrity sha512-ReZxvNHIOv88FlT7rxcXIIC0fPt4KZqZbOlivyWtXLt8ESx84zd3kMC6iK5jVeS2qt+g7ftS7ye4fi06X5rtRQ==

"backbone.paginator@https://github.com/addyosmani/backbone.paginator.git#0.8.1":
  version "0.8.1"
  resolved "https://github.com/addyosmani/backbone.paginator.git#5378e8c1c69c2070c52592862de91e443610fc99"
  dependencies:
    backbone "~0.9.2"
    underscore "1.3.3"

"backbone@https://github.com/jashkenas/backbone.git#1.1.2":
  version "1.1.2"
  resolved "https://github.com/jashkenas/backbone.git#53f77901a4ea9c7cf75d3db93ddddf491998d90f"
  dependencies:
    underscore ">=1.5.0"

backbone@~0.9.2:
  version "0.9.10"
  resolved "https://registry.yarnpkg.com/backbone/-/backbone-0.9.10.tgz#12b841c29c12a55ef37d582803a0f7fb35094f8a"
  integrity sha1-ErhBwpwSpV7zfVgoA6D3+zUJT4o=
  dependencies:
    underscore ">=1.4.3"

base62@0.1.1:
  version "0.1.1"
  resolved "https://registry.yarnpkg.com/base62/-/base62-0.1.1.tgz#7b4174c2f94449753b11c2651c083da841a7b084"
  integrity sha1-e0F0wvlESXU7EcJlHAg9qEGnsIQ=

bcrypt-pbkdf@^1.0.0:
  version "1.0.2"
  resolved "https://registry.yarnpkg.com/bcrypt-pbkdf/-/bcrypt-pbkdf-1.0.2.tgz#a4301d389b6a43f9b67ff3ca11a3f6637e360e9e"
  integrity sha1-pDAdOJtqQ/m2f/PKEaP2Y342Dp4=
  dependencies:
    tweetnacl "^0.14.3"

boom@2.x.x:
  version "2.10.1"
  resolved "https://registry.yarnpkg.com/boom/-/boom-2.10.1.tgz#39c8918ceff5799f83f9492a848f625add0c766f"
  integrity sha1-OciRjO/1eZ+D+UkqhI9iWt0Mdm8=
  dependencies:
    hoek "2.x.x"

"bootstrap@https://github.com/twbs/bootstrap.git#v3.3.6":
  version "3.3.6"
  resolved "https://github.com/twbs/bootstrap.git#81df608a40bf0629a1dc08e584849bb1e43e0b7a"

caseless@~0.12.0:
  version "0.12.0"
  resolved "https://registry.yarnpkg.com/caseless/-/caseless-0.12.0.tgz#1b681c21ff84033c826543090689420d187151dc"
  integrity sha1-G2gcIf+EAzyCZUMJBolCDRhxUdw=

cls@~0.1.3:
  version "0.1.5"
  resolved "https://registry.yarnpkg.com/cls/-/cls-0.1.5.tgz#df3218cf9d1480747f584d88b19b74c6b281317b"
  integrity sha1-3zIYz50UgHR/WE2IsZt0xrKBMXs=

co@^4.6.0:
  version "4.6.0"
  resolved "https://registry.yarnpkg.com/co/-/co-4.6.0.tgz#6ea6bdf3d853ae54ccb8e47bfa0bf3f9031fb184"
  integrity sha1-bqa989hTrlTMuOR7+gvz+QMfsYQ=

combined-stream@^1.0.5, combined-stream@~1.0.5:
  version "1.0.7"
  resolved "https://registry.yarnpkg.com/combined-stream/-/combined-stream-1.0.7.tgz#2d1d24317afb8abe95d6d2c0b07b57813539d828"
  integrity sha512-brWl9y6vOB1xYPZcpZde3N9zDByXTosAeMDo4p1wzo6UMOX4vumB+TP1RZ76sfE6Md68Q0NJSrE/gbezd4Ul+w==
  dependencies:
    delayed-stream "~1.0.0"

commander@~2.2.0:
  version "2.2.0"
  resolved "https://registry.yarnpkg.com/commander/-/commander-2.2.0.tgz#175ad4b9317f3ff615f201c1e57224f55a3e91df"
  integrity sha1-F1rUuTF/P/YV8gHB5XIk9Vo+kd8=

commoner@^0.9.2:
  version "0.9.8"
  resolved "https://registry.yarnpkg.com/commoner/-/commoner-0.9.8.tgz#22f59588f134a3afa04aaea97e8bb574972acded"
  integrity sha1-IvWViPE0o6+gSq6pfou1dJcqze0=
  dependencies:
    commander "~2.2.0"
    glob "~3.2.9"
    graceful-fs "~2.0.3"
    iconv-lite "~0.2.11"
    install "~0.1.7"
    mkdirp "~0.3.5"
    private "~0.1.2"
    q "~1.0.1"
    recast "~0.7.0"

core-util-is@1.0.2:
  version "1.0.2"
  resolved "https://registry.yarnpkg.com/core-util-is/-/core-util-is-1.0.2.tgz#b5fd54220aa2bc5ab57aab7140c940754503c1a7"
  integrity sha1-tf1UIgqivFq1eqtxQMlAdUUDwac=

cryptiles@2.x.x:
  version "2.0.5"
  resolved "https://registry.yarnpkg.com/cryptiles/-/cryptiles-2.0.5.tgz#3bdfecdc608147c1c67202fa291e7dca59eaa3b8"
  integrity sha1-O9/s3GCBR8HGcgL6KR59ylnqo7g=
  dependencies:
    boom "2.x.x"

"cs-jqtree-contextmenu@https://github.com/ChadSikorra/jqTreeContextMenu.git#master":
  version "0.1.0"
  resolved "https://github.com/ChadSikorra/jqTreeContextMenu.git#5a0f822c7e71e4aae91e366d8db437eb4d2beb85"
  dependencies:
    jqtree ">=0.16"

dashdash@^1.12.0:
  version "1.14.1"
  resolved "https://registry.yarnpkg.com/dashdash/-/dashdash-1.14.1.tgz#853cfa0f7cbe2fed5de20326b8dd581035f6e2f0"
  integrity sha1-hTz6D3y+L+1d4gMmuN1YEDX24vA=
  dependencies:
    assert-plus "^1.0.0"

"datatables.net-autofill-bs@https://github.com/DataTables/Dist-DataTables-AutoFill-Bootstrap.git#2.2.2":
  version "2.2.2"
  resolved "https://github.com/DataTables/Dist-DataTables-AutoFill-Bootstrap.git#1f01254a4964edddaca5f46d6278e492dc63d6f8"
  dependencies:
    datatables.net-autofill "2.2.2"
    datatables.net-bs "^1.10.15"
    jquery ">=1.7"

datatables.net-autofill@2.2.2, "datatables.net-autofill@https://github.com/DataTables/Dist-DataTables-AutoFill.git#2.2.2":
  version "2.2.2"
  resolved "https://github.com/DataTables/Dist-DataTables-AutoFill.git#2fd6013c64e94b5a774a6e6ee9465fd44f1084de"
  dependencies:
    datatables.net "^1.10.15"
    jquery ">=1.7"

datatables.net-bs@^1.10.15:
  version "1.10.19"
  resolved "https://registry.yarnpkg.com/datatables.net-bs/-/datatables.net-bs-1.10.19.tgz#08763b4e4d0cef1a427d019dc15e717c7ed67a4d"
  integrity sha512-5gxoI2n+duZP06+4xVC2TtH6zcY369/TRKTZ1DdSgDcDUl4OYQsrXCuaLJmbVzna/5Y5lrMmK7CxgvYgIynICA==
  dependencies:
    datatables.net "1.10.19"
    jquery ">=1.7"

"datatables.net-bs@https://github.com/DataTables/Dist-DataTables-Bootstrap.git#1.10.16":
  version "1.10.16"
  resolved "https://github.com/DataTables/Dist-DataTables-Bootstrap.git#f52ec6fb22ed55e455f1ffed1d2a3f2ea7df7bc1"
  dependencies:
    datatables.net "1.10.16"
    jquery ">=1.7"

"datatables.net-buttons-bs@https://github.com/DataTables/Dist-DataTables-Buttons-Bootstrap.git#1.4.2":
  version "1.4.2"
  resolved "https://github.com/DataTables/Dist-DataTables-Buttons-Bootstrap.git#eb79cc358cbcfcb8c6d2b640c55256a96fd439aa"
  dependencies:
    datatables.net-bs "^1.10.15"
    datatables.net-buttons "1.4.2"
    jquery ">=1.7"

datatables.net-buttons@1.4.2:
  version "1.4.2"
  resolved "https://registry.yarnpkg.com/datatables.net-buttons/-/datatables.net-buttons-1.4.2.tgz#e391e1da4c20e381bc67bb1b8ce0ae36c9a3da49"
  integrity sha1-45Hh2kwg44G8Z7sbjOCuNsmj2kk=
  dependencies:
    datatables.net "^1.10.15"
    jquery ">=1.7"

"datatables.net-buttons@https://github.com/DataTables/Dist-DataTables-Buttons.git#1.4.2":
  version "1.4.2"
  resolved "https://github.com/DataTables/Dist-DataTables-Buttons.git#99f12c2e45ad598b0a4442f6fb34720aba9ccc37"
  dependencies:
    datatables.net "^1.10.15"
    jquery ">=1.7"

"datatables.net-colreorder-bs@https://github.com/DataTables/Dist-DataTables-ColReorder-Bootstrap.git#1.4.1":
  version "1.4.1"
  resolved "https://github.com/DataTables/Dist-DataTables-ColReorder-Bootstrap.git#6bb8c2cc2ad66e09f2676add0069b22928ed4823"
  dependencies:
    datatables.net-bs "^1.10.15"
    datatables.net-colreorder "1.4.1"
    jquery ">=1.7"

datatables.net-colreorder@1.4.1, "datatables.net-colreorder@https://github.com/DataTables/Dist-DataTables-ColReorder.git#1.4.1":
  version "1.4.1"
  resolved "https://github.com/DataTables/Dist-DataTables-ColReorder.git#5f3b56f03f7f94be48e83b7bb49ab1d14ec0abc0"
  dependencies:
    datatables.net "^1.10.15"
    jquery ">=1.7"

"datatables.net-fixedcolumns-bs@https://github.com/DataTables/Dist-DataTables-FixedColumns-Bootstrap.git#3.2.3":
  version "3.2.3"
  resolved "https://github.com/DataTables/Dist-DataTables-FixedColumns-Bootstrap.git#1e51a8edd1baa1c49c6f213a087895b059a57635"
  dependencies:
    datatables.net-bs "^1.10.15"
    datatables.net-fixedcolumns "3.2.3"
    jquery ">=1.7"

datatables.net-fixedcolumns@3.2.3, "datatables.net-fixedcolumns@https://github.com/DataTables/Dist-DataTables-FixedColumns.git#3.2.3":
  version "3.2.3"
  resolved "https://github.com/DataTables/Dist-DataTables-FixedColumns.git#b30e5e8799d030bcd49b8bf9261d4482cbd97e74"
  dependencies:
    datatables.net "^1.10.15"
    jquery ">=1.7"

"datatables.net-fixedheader-bs@https://github.com/DataTables/Dist-DataTables-FixedHeader-Bootstrap.git#3.1.3":
  version "3.1.3"
  resolved "https://github.com/DataTables/Dist-DataTables-FixedHeader-Bootstrap.git#7506e40d8e4e7eebe31f7109c7b3ffb36cca4951"
  dependencies:
    datatables.net-bs "^1.10.15"
    datatables.net-fixedheader "3.1.3"
    jquery ">=1.7"

datatables.net-fixedheader@3.1.3, "datatables.net-fixedheader@https://github.com/DataTables/Dist-DataTables-FixedHeader.git#3.1.3":
  version "3.1.3"
  resolved "https://github.com/DataTables/Dist-DataTables-FixedHeader.git#55f5e6f2dbb131d67f43fd41a1e9e32ffed667ab"
  dependencies:
    datatables.net "^1.10.15"
    jquery ">=1.7"

"datatables.net-keytable-bs@https://github.com/DataTables/Dist-DataTables-KeyTable-Bootstrap.git#2.3.2":
  version "2.3.2"
  resolved "https://github.com/DataTables/Dist-DataTables-KeyTable-Bootstrap.git#752b4615c580b4d733578131b0a5d26291060091"
  dependencies:
    datatables.net-bs "^1.10.15"
    datatables.net-keytable "2.3.2"
    jquery ">=1.7"

datatables.net-keytable@2.3.2:
  version "2.3.2"
  resolved "https://registry.yarnpkg.com/datatables.net-keytable/-/datatables.net-keytable-2.3.2.tgz#2b1f787492a9482f7be353e4345a34df7d0e4b81"
  integrity sha1-Kx94dJKpSC9741PkNFo0330OS4E=
  dependencies:
    datatables.net "^1.10.15"
    jquery ">=1.7"

"datatables.net-keytable@https://github.com/DataTables/Dist-DataTables-KeyTable.git#2.3.2":
  version "2.3.2"
  resolved "https://github.com/DataTables/Dist-DataTables-KeyTable.git#3510a2651d65c72f3c635f922355f70ed6c0ad53"
  dependencies:
    datatables.net "^1.10.15"
    jquery ">=1.7"

"datatables.net-responsive-bs@https://github.com/DataTables/Dist-DataTables-Responsive-Bootstrap.git#2.2.0":
  version "2.2.0"
  resolved "https://github.com/DataTables/Dist-DataTables-Responsive-Bootstrap.git#a755af2497f3bc7aa92d7e65ad6ad0b7298df601"
  dependencies:
    datatables.net-bs "^1.10.15"
    datatables.net-responsive "2.2.0"
    jquery ">=1.7"

datatables.net-responsive@2.2.0, "datatables.net-responsive@https://github.com/DataTables/Dist-DataTables-Responsive.git#2.2.0":
  version "2.2.0"
  resolved "https://github.com/DataTables/Dist-DataTables-Responsive.git#72692e04ba2a19da1a2340a1fd9df9e5ae713334"
  dependencies:
    datatables.net "^1.10.15"
    jquery ">=1.7"

"datatables.net-rowreorder-bs@https://github.com/DataTables/Dist-DataTables-RowReorder-Bootstrap.git#1.2.3":
  version "1.2.3"
  resolved "https://github.com/DataTables/Dist-DataTables-RowReorder-Bootstrap.git#6ed1eee8fd1f96b0d967720d52c57eb4b31cf9c9"
  dependencies:
    datatables.net-bs "^1.10.15"
    datatables.net-rowreorder "1.2.3"
    jquery ">=1.7"

datatables.net-rowreorder@1.2.3, "datatables.net-rowreorder@https://github.com/DataTables/Dist-DataTables-RowReorder.git#1.2.3":
  version "1.2.3"
  resolved "https://github.com/DataTables/Dist-DataTables-RowReorder.git#ed1ae7c2732f32ebe9526cd4944973113ce2aed6"
  dependencies:
    datatables.net "^1.10.15"
    jquery ">=1.7"

"datatables.net-scroller-bs@https://github.com/DataTables/Dist-DataTables-Scroller-Bootstrap.git#1.4.3":
  version "1.4.3"
  resolved "https://github.com/DataTables/Dist-DataTables-Scroller-Bootstrap.git#756439bbafe4a2ee09f825e81b543ca5afcd7a38"
  dependencies:
    datatables.net-bs "^1.10.15"
    datatables.net-scroller "1.4.3"
    jquery ">=1.7"

datatables.net-scroller@1.4.3, "datatables.net-scroller@https://github.com/DataTables/Dist-DataTables-Scroller.git#1.4.3":
  version "1.4.3"
  resolved "https://github.com/DataTables/Dist-DataTables-Scroller.git#ea3b7e0e6779db4ac7c11c2f795fe471226bacb4"
  dependencies:
    datatables.net "^1.10.15"
    jquery ">=1.7"

"datatables.net-select-bs@https://github.com/DataTables/Dist-DataTables-Select-Bootstrap.git#1.2.3":
  version "1.2.3"
  resolved "https://github.com/DataTables/Dist-DataTables-Select-Bootstrap.git#3bb3373dd1dd5bb1799a8f4e3f99a40ef1a15b8a"
  dependencies:
    datatables.net-bs "^1.10.15"
    datatables.net-select "1.2.3"
    jquery ">=1.7"

datatables.net-select@1.2.3, "datatables.net-select@https://github.com/DataTables/Dist-DataTables-Select.git#1.2.3":
  version "1.2.3"
  resolved "https://github.com/DataTables/Dist-DataTables-Select.git#52ab730cc765803df9a08117bc0b6a572e6f451d"
  dependencies:
    datatables.net "^1.10.15"
    jquery ">=1.7"

datatables.net@1.10.16, "datatables.net@https://github.com/DataTables/Dist-DataTables.git#1.10.16":
  version "1.10.16"
  resolved "https://github.com/DataTables/Dist-DataTables.git#795d3f39b73da5bc3656c8ef5425931a55e6ed2e"
  dependencies:
    jquery ">=1.7"

datatables.net@1.10.19, datatables.net@^1.10.15:
  version "1.10.19"
  resolved "https://registry.yarnpkg.com/datatables.net/-/datatables.net-1.10.19.tgz#97a1ed41c85e62d61040603481b59790a172dd1f"
  integrity sha512-+ljXcI6Pj3PTGy5pesp3E5Dr3x3AV45EZe0o1r0gKENN2gafBKXodVnk2ypKwl2tTmivjxbkiqoWnipTefyBTA==
  dependencies:
    jquery ">=1.7"

delayed-stream@~1.0.0:
  version "1.0.0"
  resolved "https://registry.yarnpkg.com/delayed-stream/-/delayed-stream-1.0.0.tgz#df3ae199acadfb7d440aaae0b29e2272b24ec619"
  integrity sha1-3zrhmayt+31ECqrgsp4icrJOxhk=

depd@~1.0.0:
  version "1.0.1"
  resolved "https://registry.yarnpkg.com/depd/-/depd-1.0.1.tgz#80aec64c9d6d97e65cc2a9caa93c0aa6abf73aaa"
  integrity sha1-gK7GTJ1tl+ZcwqnKqTwKpqv3Oqo=

"dropzone@https://github.com/enyo/dropzone.git#v4.3.0":
  version "4.3.0"
  resolved "https://github.com/enyo/dropzone.git#d8ef7a82e6ab5447c1f2d9512c8e1bfd4de5ac9e"

ecc-jsbn@~0.1.1:
  version "0.1.2"
  resolved "https://registry.yarnpkg.com/ecc-jsbn/-/ecc-jsbn-0.1.2.tgz#3a83a904e54353287874c564b7549386849a98c9"
  integrity sha1-OoOpBOVDUyh4dMVkt1SThoSamMk=
  dependencies:
    jsbn "~0.1.0"
    safer-buffer "^2.1.0"

errno@^0.1.1:
  version "0.1.7"
  resolved "https://registry.yarnpkg.com/errno/-/errno-0.1.7.tgz#4684d71779ad39af177e3f007996f7c67c852618"
  integrity sha512-MfrRBDWzIWifgq6tJj60gkAwtLNb6sQPlcFrSOflcP1aFmmruKQ2wRnze/8V6kgyz7H3FF8Npzv78mZ7XLLflg==
  dependencies:
    prr "~1.0.1"

esprima-fb@~3001.1.0-dev-harmony-fb:
  version "3001.1.0-dev-harmony-fb"
  resolved "https://registry.yarnpkg.com/esprima-fb/-/esprima-fb-3001.0001.0000-dev-harmony-fb.tgz#b77d37abcd38ea0b77426bb8bc2922ce6b426411"
  integrity sha1-t303q8046gt3Qmu4vCkizmtCZBE=

esprima-fb@~6001.1001.0-dev-harmony-fb:
  version "6001.1001.0-dev-harmony-fb"
  resolved "https://registry.yarnpkg.com/esprima-fb/-/esprima-fb-6001.1001.0-dev-harmony-fb.tgz#a98821750fabadb164cdd199a94347a3919d1ac5"
  integrity sha1-qYghdQ+rrbFkzdGZqUNHo5GdGsU=

extend@~3.0.0:
  version "3.0.2"
  resolved "https://registry.yarnpkg.com/extend/-/extend-3.0.2.tgz#f8b1136b4071fbd8eb140aff858b1019ec2915fa"
  integrity sha512-fjquC59cD7CyW6urNXK0FBufkZcoiGG80wTuPujX590cB5Ttln20E2UB4S/WARVqhXffZl2LNgS+gQdPIIim/g==

extsprintf@1.3.0:
  version "1.3.0"
  resolved "https://registry.yarnpkg.com/extsprintf/-/extsprintf-1.3.0.tgz#96918440e3041a7a414f8c52e3c574eb3c3e1e05"
  integrity sha1-lpGEQOMEGnpBT4xS48V06zw+HgU=

extsprintf@^1.2.0:
  version "1.4.0"
  resolved "https://registry.yarnpkg.com/extsprintf/-/extsprintf-1.4.0.tgz#e2689f8f356fad62cca65a3a91c5df5f9551692f"
  integrity sha1-4mifjzVvrWLMplo6kcXfX5VRaS8=

forever-agent@~0.6.1:
  version "0.6.1"
  resolved "https://registry.yarnpkg.com/forever-agent/-/forever-agent-0.6.1.tgz#fbc71f0c41adeb37f96c577ad1ed42d8fdacca91"
  integrity sha1-+8cfDEGt6zf5bFd60e1C2P2sypE=

form-data@~2.1.1:
  version "2.1.4"
  resolved "https://registry.yarnpkg.com/form-data/-/form-data-2.1.4.tgz#33c183acf193276ecaa98143a69e94bfee1750d1"
  integrity sha1-M8GDrPGTJ27KqYFDpp6Uv+4XUNE=
  dependencies:
    asynckit "^0.4.0"
    combined-stream "^1.0.5"
    mime-types "^2.1.12"

getpass@^0.1.1:
  version "0.1.7"
  resolved "https://registry.yarnpkg.com/getpass/-/getpass-0.1.7.tgz#5eff8e3e684d569ae4cb2b1282604e8ba62149fa"
  integrity sha1-Xv+OPmhNVprkyysSgmBOi6YhSfo=
  dependencies:
    assert-plus "^1.0.0"

glob@~3.2.9:
  version "3.2.11"
  resolved "https://registry.yarnpkg.com/glob/-/glob-3.2.11.tgz#4a973f635b9190f715d10987d5c00fd2815ebe3d"
  integrity sha1-Spc/Y1uRkPcV0QmH1cAP0oFevj0=
  dependencies:
    inherits "2"
    minimatch "0.3"

graceful-fs@^4.1.2:
  version "4.1.15"
  resolved "https://registry.yarnpkg.com/graceful-fs/-/graceful-fs-4.1.15.tgz#ffb703e1066e8a0eeaa4c8b80ba9253eeefbfb00"
  integrity sha512-6uHUhOPEBgQ24HM+r6b/QwWfZq+yiFcipKFrOFiBEnWdy5sdzYoi+pJeQaPI5qOLRFqWmAXUPQNsielzdLoecA==

graceful-fs@~2.0.3:
  version "2.0.3"
  resolved "https://registry.yarnpkg.com/graceful-fs/-/graceful-fs-2.0.3.tgz#7cd2cdb228a4a3f36e95efa6cc142de7d1a136d0"
  integrity sha1-fNLNsiiko/Nule+mzBQt59GhNtA=

har-schema@^1.0.5:
  version "1.0.5"
  resolved "https://registry.yarnpkg.com/har-schema/-/har-schema-1.0.5.tgz#d263135f43307c02c602afc8fe95970c0151369e"
  integrity sha1-0mMTX0MwfALGAq/I/pWXDAFRNp4=

har-validator@~4.2.1:
  version "4.2.1"
  resolved "https://registry.yarnpkg.com/har-validator/-/har-validator-4.2.1.tgz#33481d0f1bbff600dd203d75812a6a5fba002e2a"
  integrity sha1-M0gdDxu/9gDdID11gSpqX7oALio=
  dependencies:
    ajv "^4.9.1"
    har-schema "^1.0.5"

hawk@~3.1.3:
  version "3.1.3"
  resolved "https://registry.yarnpkg.com/hawk/-/hawk-3.1.3.tgz#078444bd7c1640b0fe540d2c9b73d59678e8e1c4"
  integrity sha1-B4REvXwWQLD+VA0sm3PVlnjo4cQ=
  dependencies:
    boom "2.x.x"
    cryptiles "2.x.x"
    hoek "2.x.x"
    sntp "1.x.x"

hoek@2.x.x:
  version "2.16.3"
  resolved "https://registry.yarnpkg.com/hoek/-/hoek-2.16.3.tgz#20bb7403d3cea398e91dc4710a8ff1b8274a25ed"
  integrity sha1-ILt0A9POo5jpHcRxCo/xuCdKJe0=

http-signature@~1.1.0:
  version "1.1.1"
  resolved "https://registry.yarnpkg.com/http-signature/-/http-signature-1.1.1.tgz#df72e267066cd0ac67fb76adf8e134a8fbcf91bf"
  integrity sha1-33LiZwZs0Kxn+3at+OE0qPvPkb8=
  dependencies:
    assert-plus "^0.2.0"
    jsprim "^1.2.2"
    sshpk "^1.7.0"

iconv-lite@~0.2.11:
  version "0.2.11"
  resolved "https://registry.yarnpkg.com/iconv-lite/-/iconv-lite-0.2.11.tgz#1ce60a3a57864a292d1321ff4609ca4bb965adc8"
  integrity sha1-HOYKOleGSiktEyH/RgnKS7llrcg=

image-size@~0.5.0:
  version "0.5.5"
  resolved "https://registry.yarnpkg.com/image-size/-/image-size-0.5.5.tgz#09dfd4ab9d20e29eb1c3e80b8990378df9e3cb9c"
  integrity sha1-Cd/Uq50g4p6xw+gLiZA3jfnjy5w=

inherits@2:
  version "2.0.3"
  resolved "https://registry.yarnpkg.com/inherits/-/inherits-2.0.3.tgz#633c2c83e3da42a502f52466022480f4208261de"
  integrity sha1-Yzwsg+PaQqUC9SRmAiSA9CCCYd4=

install@~0.1.7:
  version "0.1.8"
  resolved "https://registry.yarnpkg.com/install/-/install-0.1.8.tgz#9980ef93e30dfb534778d163bc86ddd472ad5fe8"
  integrity sha1-mYDvk+MN+1NHeNFjvIbd1HKtX+g=

is-typedarray@~1.0.0:
  version "1.0.0"
  resolved "https://registry.yarnpkg.com/is-typedarray/-/is-typedarray-1.0.0.tgz#e479c80858df0c1b11ddda6940f96011fcda4a9a"
  integrity sha1-5HnICFjfDBsR3dppQPlgEfzaSpo=

isstream@~0.1.2:
  version "0.1.2"
  resolved "https://registry.yarnpkg.com/isstream/-/isstream-0.1.2.tgz#47e63f7af55afa6f92e1500e690eb8b8529c099a"
  integrity sha1-R+Y/evVa+m+S4VAOaQ64uFKcCZo=

jqtree@>=0.16:
  version "1.4.9"
  resolved "https://registry.yarnpkg.com/jqtree/-/jqtree-1.4.9.tgz#cc05f5d26867aa575691afb91d7a295513247aad"
  integrity sha512-XPy3hvpZBxtoL3o74+5pm6SjL+EXZ6lOESH2UgPIn3pbFMFlHKMYW/s+PesvvJ01pBM/Vb3kwWfQ7eRBVUcR2Q==
  dependencies:
    jquery ">=1.9"

"jqtree@https://github.com/mbraak/jqTree.git#1.4.1":
  version "1.4.1"
  resolved "https://github.com/mbraak/jqTree.git#c564b2fa265d74c41d8cdd32ba887a9e7722a20a"
  dependencies:
    jquery ">=1.9"

"jquery-form@https://github.com/jquery-form/form.git#3.51":
  version "3.51.0"
  resolved "https://github.com/jquery-form/form.git#6bf24a5f6d8be65f4e5491863180c09356d9dadd"
  dependencies:
    jquery ">=1.5"

"jquery.browser@https://github.com/gabceb/jquery-browser-plugin.git#v0.1.0":
  version "0.1.0"
  resolved "https://github.com/gabceb/jquery-browser-plugin.git#07d59ee6e87da9f789b196d221e5f62f9db3c158"

"jquery.cookie@https://github.com/carhartl/jquery-cookie.git#v1.4.1":
  version "1.4.1"
  resolved "https://github.com/carhartl/jquery-cookie.git#7f88a4e631aba8a8c688fd8999ce6b9bcfd50718"

"jquery.recurrenceinput.js@https://github.com/collective/jquery.recurrenceinput.js.git#master":
  version "1.6.0"
  resolved "https://github.com/collective/jquery.recurrenceinput.js.git#deaec1116575d81698778f87d8c08f02487aadf9"
  dependencies:
    jquery ""

jquery@, jquery@>=1.5, jquery@>=1.7, jquery@>=1.9:
  version "3.3.1"
  resolved "https://registry.yarnpkg.com/jquery/-/jquery-3.3.1.tgz#958ce29e81c9790f31be7792df5d4d95fc57fbca"
  integrity sha512-Ubldcmxp5np52/ENotGxlLe6aGMvmF4R8S6tZjsP6Knsaxd/xp3Zrh50cG93lR6nPXyUFwzN3ZSOQI0wRJNdGg==

"jquery@https://github.com/jquery/jquery-dist.git#1.11.3":
  version "1.11.3"
  resolved "https://github.com/jquery/jquery-dist.git#1472290917f17af05e98007136096784f9051fab"

jsbn@~0.1.0:
  version "0.1.1"
  resolved "https://registry.yarnpkg.com/jsbn/-/jsbn-0.1.1.tgz#a5e654c2e5a2deb5f201d96cefbca80c0ef2f513"
  integrity sha1-peZUwuWi3rXyAdls77yoDA7y9RM=

json-schema@0.2.3:
  version "0.2.3"
  resolved "https://registry.yarnpkg.com/json-schema/-/json-schema-0.2.3.tgz#b480c892e59a2f05954ce727bd3f2a4e882f9e13"
  integrity sha1-tIDIkuWaLwWVTOcnvT8qTogvnhM=

json-stable-stringify@^1.0.1:
  version "1.0.1"
  resolved "https://registry.yarnpkg.com/json-stable-stringify/-/json-stable-stringify-1.0.1.tgz#9a759d39c5f2ff503fd5300646ed445f88c4f9af"
  integrity sha1-mnWdOcXy/1A/1TAGRu1EX4jE+a8=
  dependencies:
    jsonify "~0.0.0"

json-stringify-safe@~5.0.1:
  version "5.0.1"
  resolved "https://registry.yarnpkg.com/json-stringify-safe/-/json-stringify-safe-5.0.1.tgz#1296a2d58fd45f19a0f6ce01d65701e2c735b6eb"
  integrity sha1-Epai1Y/UXxmg9s4B1lcB4sc1tus=

jsonify@~0.0.0:
  version "0.0.0"
  resolved "https://registry.yarnpkg.com/jsonify/-/jsonify-0.0.0.tgz#2c74b6ee41d93ca51b7b5aaee8f503631d252a73"
  integrity sha1-LHS27kHZPKUbe1qu6PUDYx0lKnM=

jsprim@^1.2.2:
  version "1.4.1"
  resolved "https://registry.yarnpkg.com/jsprim/-/jsprim-1.4.1.tgz#313e66bc1e5cc06e438bc1b7499c2e5c56acb6a2"
  integrity sha1-MT5mvB5cwG5Di8G3SZwuXFastqI=
  dependencies:
    assert-plus "1.0.0"
    extsprintf "1.3.0"
    json-schema "0.2.3"
    verror "1.10.0"

jstransform@~3.0.0:
  version "3.0.0"
  resolved "https://registry.yarnpkg.com/jstransform/-/jstransform-3.0.0.tgz#a2591ab6cee8d97bf3be830dbfa2313b87cd640b"
  integrity sha1-olkats7o2XvzvoMNv6IxO4fNZAs=
  dependencies:
    base62 "0.1.1"
    esprima-fb "~3001.1.0-dev-harmony-fb"
    source-map "0.1.31"

"less@https://github.com/less/less.git#v2.7.3":
  version "2.7.3"
  resolved "https://github.com/less/less.git#60a5c3bd1f6807615d017a5019031da47e1f480d"
  optionalDependencies:
    errno "^0.1.1"
    graceful-fs "^4.1.2"
    image-size "~0.5.0"
    mime "^1.2.11"
    mkdirp "^0.5.0"
    promise "^7.1.1"
    request "2.81.0"
    source-map "^0.5.3"

"logging@https://github.com/Patternslib/logging.git#v1.0.2":
  version "1.0.2"
  resolved "https://github.com/Patternslib/logging.git#a31a550c2083089de2c677c169d7e0b0fb7a7967"

lru-cache@2:
  version "2.7.3"
  resolved "https://registry.yarnpkg.com/lru-cache/-/lru-cache-2.7.3.tgz#6d4524e8b955f95d4f5b58851ce21dd72fb4e952"
  integrity sha1-bUUk6LlV+V1PW1iFHOId1y+06VI=

mime-db@~1.37.0:
  version "1.37.0"
  resolved "https://registry.yarnpkg.com/mime-db/-/mime-db-1.37.0.tgz#0b6a0ce6fdbe9576e25f1f2d2fde8830dc0ad0d8"
  integrity sha512-R3C4db6bgQhlIhPU48fUtdVmKnflq+hRdad7IyKhtFj06VPNVdk2RhiYL3UjQIlso8L+YxAtFkobT0VK+S/ybg==

mime-types@^2.1.12, mime-types@~2.1.7:
  version "2.1.21"
  resolved "https://registry.yarnpkg.com/mime-types/-/mime-types-2.1.21.tgz#28995aa1ecb770742fe6ae7e58f9181c744b3f96"
  integrity sha512-3iL6DbwpyLzjR3xHSFNFeb9Nz/M8WDkX33t1GFQnFOllWk8pOrh/LSrB5OXlnlW5P9LH73X6loW/eogc+F5lJg==
  dependencies:
    mime-db "~1.37.0"

mime@^1.2.11:
  version "1.6.0"
  resolved "https://registry.yarnpkg.com/mime/-/mime-1.6.0.tgz#32cd9e5c64553bd58d19a568af452acff04981b1"
  integrity sha512-x0Vn8spI+wuJ1O6S7gnbaQg8Pxh4NNHb7KSINmEWKiPE4RKOplvijn+NkmYmmRgP68mc70j2EbeTFRsrswaQeg==

minimatch@0.3:
  version "0.3.0"
  resolved "https://registry.yarnpkg.com/minimatch/-/minimatch-0.3.0.tgz#275d8edaac4f1bb3326472089e7949c8394699dd"
  integrity sha1-J12O2qxPG7MyZHIInnlJyDlGmd0=
  dependencies:
    lru-cache "2"
    sigmund "~1.0.0"

minimist@0.0.8:
  version "0.0.8"
  resolved "https://registry.yarnpkg.com/minimist/-/minimist-0.0.8.tgz#857fcabfc3397d2625b8228262e86aa7a011b05d"
  integrity sha1-hX/Kv8M5fSYluCKCYuhqp6ARsF0=

mkdirp@^0.5.0:
  version "0.5.1"
  resolved "https://registry.yarnpkg.com/mkdirp/-/mkdirp-0.5.1.tgz#30057438eac6cf7f8c4767f38648d6697d75c903"
  integrity sha1-MAV0OOrGz3+MR2fzhkjWaX11yQM=
  dependencies:
    minimist "0.0.8"

mkdirp@~0.3.5:
  version "0.3.5"
  resolved "https://registry.yarnpkg.com/mkdirp/-/mkdirp-0.3.5.tgz#de3e5f8961c88c787ee1368df849ac4413eca8d7"
  integrity sha1-3j5fiWHIjHh+4TaN+EmsRBPsqNc=

"mockup@https://github.com/plone/mockup.git":
  version "3.0.0"
  resolved "https://github.com/plone/mockup.git#40d3fa3e9eb3ac2030464cc71de0515e8c71b716"
  dependencies:
    ace-builds "https://github.com/ajaxorg/ace-builds.git#v1.2.6"
    backbone "https://github.com/jashkenas/backbone.git#1.1.2"
    backbone.paginator "https://github.com/addyosmani/backbone.paginator.git#0.8.1"
    bootstrap "https://github.com/twbs/bootstrap.git#v3.3.6"
    cs-jqtree-contextmenu "https://github.com/ChadSikorra/jqTreeContextMenu.git#master"
    datatables.net "https://github.com/DataTables/Dist-DataTables.git#1.10.16"
    datatables.net-autofill "https://github.com/DataTables/Dist-DataTables-AutoFill.git#2.2.2"
    datatables.net-autofill-bs "https://github.com/DataTables/Dist-DataTables-AutoFill-Bootstrap.git#2.2.2"
    datatables.net-bs "https://github.com/DataTables/Dist-DataTables-Bootstrap.git#1.10.16"
    datatables.net-buttons "https://github.com/DataTables/Dist-DataTables-Buttons.git#1.4.2"
    datatables.net-buttons-bs "https://github.com/DataTables/Dist-DataTables-Buttons-Bootstrap.git#1.4.2"
    datatables.net-colreorder "https://github.com/DataTables/Dist-DataTables-ColReorder.git#1.4.1"
    datatables.net-colreorder-bs "https://github.com/DataTables/Dist-DataTables-ColReorder-Bootstrap.git#1.4.1"
    datatables.net-fixedcolumns "https://github.com/DataTables/Dist-DataTables-FixedColumns.git#3.2.3"
    datatables.net-fixedcolumns-bs "https://github.com/DataTables/Dist-DataTables-FixedColumns-Bootstrap.git#3.2.3"
    datatables.net-fixedheader "https://github.com/DataTables/Dist-DataTables-FixedHeader.git#3.1.3"
    datatables.net-fixedheader-bs "https://github.com/DataTables/Dist-DataTables-FixedHeader-Bootstrap.git#3.1.3"
    datatables.net-keytable "https://github.com/DataTables/Dist-DataTables-KeyTable.git#2.3.2"
    datatables.net-keytable-bs "https://github.com/DataTables/Dist-DataTables-KeyTable-Bootstrap.git#2.3.2"
    datatables.net-responsive "https://github.com/DataTables/Dist-DataTables-Responsive.git#2.2.0"
    datatables.net-responsive-bs "https://github.com/DataTables/Dist-DataTables-Responsive-Bootstrap.git#2.2.0"
    datatables.net-rowreorder "https://github.com/DataTables/Dist-DataTables-RowReorder.git#1.2.3"
    datatables.net-rowreorder-bs "https://github.com/DataTables/Dist-DataTables-RowReorder-Bootstrap.git#1.2.3"
    datatables.net-scroller "https://github.com/DataTables/Dist-DataTables-Scroller.git#1.4.3"
    datatables.net-scroller-bs "https://github.com/DataTables/Dist-DataTables-Scroller-Bootstrap.git#1.4.3"
    datatables.net-select "https://github.com/DataTables/Dist-DataTables-Select.git#1.2.3"
    datatables.net-select-bs "https://github.com/DataTables/Dist-DataTables-Select-Bootstrap.git#1.2.3"
    dropzone "https://github.com/enyo/dropzone.git#v4.3.0"
    jqtree "https://github.com/mbraak/jqTree.git#1.4.1"
    jquery "https://github.com/jquery/jquery-dist.git#1.11.3"
    jquery-form "https://github.com/jquery-form/form.git#3.51"
    jquery.browser "https://github.com/gabceb/jquery-browser-plugin.git#v0.1.0"
    jquery.cookie "https://github.com/carhartl/jquery-cookie.git#v1.4.1"
    jquery.recurrenceinput.js "https://github.com/collective/jquery.recurrenceinput.js.git#master"
    logging "https://github.com/Patternslib/logging.git#v1.0.2"
    moment "https://github.com/moment/moment.git#2.10.6"
    patternslib "https://github.com/Patternslib/Patterns.git#2.1.2"
    pickadate "https://github.com/amsul/pickadate.js.git#3.5.6"
    react "https://github.com/facebook/react.git#v0.10.0"
    requirejs-text "https://github.com/requirejs/text.git#2.0.15"
    select2 "https://github.com/ivaynberg/select2.git#3.5.4"
    tinymce-builded "https://github.com/artursmirnov/tinymce_builded.git#4.7.13"

"moment@https://github.com/moment/moment.git#2.10.6":
  version "2.10.6"
  resolved "https://github.com/moment/moment.git#f3fbef9d9875bbff340b527dbe3f1c447a942f69"

oauth-sign@~0.8.1:
  version "0.8.2"
  resolved "https://registry.yarnpkg.com/oauth-sign/-/oauth-sign-0.8.2.tgz#46a6ab7f0aead8deae9ec0565780b7d4efeb9d43"
  integrity sha1-Rqarfwrq2N6unsBWV4C31O/rnUM=

"patternslib@https://github.com/Patternslib/Patterns.git#2.1.2":
  version "2.1.2"
  resolved "https://github.com/Patternslib/Patterns.git#f451cd64c3a7dfbf766dd7450020379bbcb6b37a"

performance-now@^0.2.0:
  version "0.2.0"
  resolved "https://registry.yarnpkg.com/performance-now/-/performance-now-0.2.0.tgz#33ef30c5c77d4ea21c5a53869d91b56d8f2555e5"
  integrity sha1-M+8wxcd9TqIcWlOGnZG1bY8lVeU=

"pickadate@https://github.com/amsul/pickadate.js.git#3.5.6":
  version "3.5.6"
  resolved "https://github.com/amsul/pickadate.js.git#b704a8a8a19df24481f8291dd3e6c008501f04f1"
  dependencies:
    jquery ">=1.7"

private@~0.1.2, private@~0.1.5:
  version "0.1.8"
  resolved "https://registry.yarnpkg.com/private/-/private-0.1.8.tgz#2381edb3689f7a53d653190060fcf822d2f368ff"
  integrity sha512-VvivMrbvd2nKkiG38qjULzlc+4Vx4wm/whI9pQD35YrARNnhxeiRktSOhSukRLFNlzg6Br/cJPet5J/u19r/mg==

promise@^7.1.1:
  version "7.3.1"
  resolved "https://registry.yarnpkg.com/promise/-/promise-7.3.1.tgz#064b72602b18f90f29192b8b1bc418ffd1ebd3bf"
  integrity sha512-nolQXZ/4L+bP/UGlkfaIujX9BKxGwmQ9OT4mOt5yvy8iK1h3wqTEJCijzGANTCCl9nWjY41juyAn2K3Q1hLLTg==
  dependencies:
    asap "~2.0.3"

prr@~1.0.1:
  version "1.0.1"
  resolved "https://registry.yarnpkg.com/prr/-/prr-1.0.1.tgz#d3fc114ba06995a45ec6893f484ceb1d78f5f476"
  integrity sha1-0/wRS6BplaRexok/SEzrHXj19HY=

punycode@^1.4.1:
  version "1.4.1"
  resolved "https://registry.yarnpkg.com/punycode/-/punycode-1.4.1.tgz#c0d5a63b2718800ad8e1eb0fa5269c84dd41845e"
  integrity sha1-wNWmOycYgArY4esPpSachN1BhF4=

q@~1.0.1:
  version "1.0.1"
  resolved "https://registry.yarnpkg.com/q/-/q-1.0.1.tgz#11872aeedee89268110b10a718448ffb10112a14"
  integrity sha1-EYcq7t7okmgRCxCnGESP+xARKhQ=

qs@~6.4.0:
  version "6.4.0"
  resolved "https://registry.yarnpkg.com/qs/-/qs-6.4.0.tgz#13e26d28ad6b0ffaa91312cd3bf708ed351e7233"
  integrity sha1-E+JtKK1rD/qpExLNO/cI7TUecjM=

"react@https://github.com/facebook/react.git#v0.10.0":
  version "0.10.0"
  resolved "https://github.com/facebook/react.git#dedf0c20da67872b5dff21a25cb9075e6019c12e"
  dependencies:
    commoner "^0.9.2"
    esprima-fb "~3001.1.0-dev-harmony-fb"
    jstransform "~3.0.0"

recast@~0.7.0:
  version "0.7.5"
  resolved "https://registry.yarnpkg.com/recast/-/recast-0.7.5.tgz#124e7cf63e2a737cd69243e379196c45549b1f2e"
  integrity sha1-Ek589j4qc3zWkkPjeRlsRVSbHy4=
  dependencies:
    ast-types "~0.4.7"
    cls "~0.1.3"
    esprima-fb "~6001.1001.0-dev-harmony-fb"
    private "~0.1.5"
    source-map "0.1.32"

request@2.81.0:
  version "2.81.0"
  resolved "https://registry.yarnpkg.com/request/-/request-2.81.0.tgz#c6928946a0e06c5f8d6f8a9333469ffda46298a0"
  integrity sha1-xpKJRqDgbF+Nb4qTM0af/aRimKA=
  dependencies:
    aws-sign2 "~0.6.0"
    aws4 "^1.2.1"
    caseless "~0.12.0"
    combined-stream "~1.0.5"
    extend "~3.0.0"
    forever-agent "~0.6.1"
    form-data "~2.1.1"
    har-validator "~4.2.1"
    hawk "~3.1.3"
    http-signature "~1.1.0"
    is-typedarray "~1.0.0"
    isstream "~0.1.2"
    json-stringify-safe "~5.0.1"
    mime-types "~2.1.7"
    oauth-sign "~0.8.1"
    performance-now "^0.2.0"
    qs "~6.4.0"
    safe-buffer "^5.0.1"
    stringstream "~0.0.4"
    tough-cookie "~2.3.0"
    tunnel-agent "^0.6.0"
    uuid "^3.0.0"

"requirejs-text@https://github.com/requirejs/text.git#2.0.15":
  version "2.0.15"
  resolved "https://github.com/requirejs/text.git#d04de4ffd7bf5ba6cb80cdca2d40d4f6f52a1b1f"

requirejs@~2.2.0:
  version "2.2.0"
  resolved "https://registry.yarnpkg.com/requirejs/-/requirejs-2.2.0.tgz#0f2b1538af2b8d0a4fffffde5d367aa9cd4cfe84"
  integrity sha1-DysVOK8rjQpP///eXTZ6qc1M/oQ=

safe-buffer@^5.0.1:
  version "5.1.2"
  resolved "https://registry.yarnpkg.com/safe-buffer/-/safe-buffer-5.1.2.tgz#991ec69d296e0313747d59bdfd2b745c35f8828d"
  integrity sha512-Gd2UZBJDkXlY7GbJxfsE8/nvKkUEU1G38c1siN6QP6a9PT9MmHB8GnpscSmMJSoF8LOIrt8ud/wPtojys4G6+g==

safer-buffer@^2.0.2, safer-buffer@^2.1.0, safer-buffer@~2.1.0:
  version "2.1.2"
  resolved "https://registry.yarnpkg.com/safer-buffer/-/safer-buffer-2.1.2.tgz#44fa161b0187b9549dd84bb91802f9bd8385cd6a"
  integrity sha512-YZo3K82SD7Riyi0E1EQPojLz7kpepnSQI9IyPbHHg1XXXevb5dJI7tpyN2ADxGcQbHG7vcyRHk0cbwqcQriUtg==

"select2@https://github.com/ivaynberg/select2.git#3.5.4":
  version "3.5.4"
  resolved "https://github.com/ivaynberg/select2.git#95a977f674b6938af55ec5f28b7772df93786c5c"

sigmund@~1.0.0:
  version "1.0.1"
  resolved "https://registry.yarnpkg.com/sigmund/-/sigmund-1.0.1.tgz#3ff21f198cad2175f9f3b781853fd94d0d19b590"
  integrity sha1-P/IfGYytIXX587eBhT/ZTQ0ZtZA=

sntp@1.x.x:
  version "1.0.9"
  resolved "https://registry.yarnpkg.com/sntp/-/sntp-1.0.9.tgz#6541184cc90aeea6c6e7b35e2659082443c66198"
  integrity sha1-ZUEYTMkK7qbG57NeJlkIJEPGYZg=
  dependencies:
    hoek "2.x.x"

source-map@0.1.31:
  version "0.1.31"
  resolved "https://registry.yarnpkg.com/source-map/-/source-map-0.1.31.tgz#9f704d0d69d9e138a81badf6ebb4fde33d151c61"
  integrity sha1-n3BNDWnZ4TioG63267T94z0VHGE=
  dependencies:
    amdefine ">=0.0.4"

source-map@0.1.32:
  version "0.1.32"
  resolved "https://registry.yarnpkg.com/source-map/-/source-map-0.1.32.tgz#c8b6c167797ba4740a8ea33252162ff08591b266"
  integrity sha1-yLbBZ3l7pHQKjqMyUhYv8IWRsmY=
  dependencies:
    amdefine ">=0.0.4"

source-map@^0.5.3:
  version "0.5.7"
  resolved "https://registry.yarnpkg.com/source-map/-/source-map-0.5.7.tgz#8a039d2d1021d22d1ea14c80d8ea468ba2ef3fcc"
  integrity sha1-igOdLRAh0i0eoUyA2OpGi6LvP8w=

sshpk@^1.7.0:
  version "1.16.1"
  resolved "https://registry.yarnpkg.com/sshpk/-/sshpk-1.16.1.tgz#fb661c0bef29b39db40769ee39fa70093d6f6877"
  integrity sha512-HXXqVUq7+pcKeLqqZj6mHFUMvXtOJt1uoUx09pFW6011inTMxqI8BA8PM95myrIyyKwdnzjdFjLiE6KBPVtJIg==
  dependencies:
    asn1 "~0.2.3"
    assert-plus "^1.0.0"
    bcrypt-pbkdf "^1.0.0"
    dashdash "^1.12.0"
    ecc-jsbn "~0.1.1"
    getpass "^0.1.1"
    jsbn "~0.1.0"
    safer-buffer "^2.0.2"
    tweetnacl "~0.14.0"

stringstream@~0.0.4:
  version "0.0.6"
  resolved "https://registry.yarnpkg.com/stringstream/-/stringstream-0.0.6.tgz#7880225b0d4ad10e30927d167a1d6f2fd3b33a72"
  integrity sha512-87GEBAkegbBcweToUrdzf3eLhWNg06FJTebl4BVJz/JgWy8CvEr9dRtX5qWphiynMSQlxxi+QqN0z5T32SLlhA==

"tinymce-builded@https://github.com/artursmirnov/tinymce_builded.git#4.7.13":
  version "4.6.2"
  resolved "https://github.com/artursmirnov/tinymce_builded.git#d171527d7a630f9509b66019be4a012d874ef587"

tough-cookie@~2.3.0:
  version "2.3.4"
  resolved "https://registry.yarnpkg.com/tough-cookie/-/tough-cookie-2.3.4.tgz#ec60cee38ac675063ffc97a5c18970578ee83655"
  integrity sha512-TZ6TTfI5NtZnuyy/Kecv+CnoROnyXn2DN97LontgQpCwsX2XyLYCC0ENhYkehSOwAp8rTQKc/NUIF7BkQ5rKLA==
  dependencies:
    punycode "^1.4.1"

tunnel-agent@^0.6.0:
  version "0.6.0"
  resolved "https://registry.yarnpkg.com/tunnel-agent/-/tunnel-agent-0.6.0.tgz#27a5dea06b36b04a0a9966774b290868f0fc40fd"
  integrity sha1-J6XeoGs2sEoKmWZ3SykIaPD8QP0=
  dependencies:
    safe-buffer "^5.0.1"

tweetnacl@^0.14.3, tweetnacl@~0.14.0:
  version "0.14.5"
  resolved "https://registry.yarnpkg.com/tweetnacl/-/tweetnacl-0.14.5.tgz#5ae68177f192d4456269d108afa93ff8743f4f64"
  integrity sha1-WuaBd/GS1EViadEIr6k/+HQ/T2Q=

underscore@1.3.3:
  version "1.3.3"
  resolved "https://registry.yarnpkg.com/underscore/-/underscore-1.3.3.tgz#47ac53683daf832bfa952e1774417da47817ae42"
  integrity sha1-R6xTaD2vgyv6lS4XdEF9pHgXrkI=

underscore@>=1.4.3, underscore@>=1.5.0:
  version "1.9.1"
  resolved "https://registry.yarnpkg.com/underscore/-/underscore-1.9.1.tgz#06dce34a0e68a7babc29b365b8e74b8925203961"
  integrity sha512-5/4etnCkd9c8gwgowi5/om/mYO5ajCaOgdzj/oW+0eQV9WxKBDZw5+ycmKmeaTXjInS/W0BzpGLo2xR2aBwZdg==

uuid@^3.0.0:
  version "3.3.2"
  resolved "https://registry.yarnpkg.com/uuid/-/uuid-3.3.2.tgz#1b4af4955eb3077c501c23872fc6513811587131"
  integrity sha512-yXJmeNaw3DnnKAOKJE51sL/ZaYfWJRl1pK9dr19YFCu0ObS231AB1/LbqTKRAQ5kw8A90rA6fr4riOUpTZvQZA==

verror@1.10.0:
  version "1.10.0"
  resolved "https://registry.yarnpkg.com/verror/-/verror-1.10.0.tgz#3a105ca17053af55d6e270c1f8288682e18da400"
  integrity sha1-OhBcoXBTr1XW4nDB+CiGguGNpAA=
  dependencies:
    assert-plus "^1.0.0"
    core-util-is "1.0.2"
    extsprintf "^1.2.0"
